
Microsoft Visual Studio Solution File, Format Version 12.00
# Visual Studio Version 17
VisualStudioVersion = 17.6.33815.320
MinimumVisualStudioVersion = 10.0.40219.1
Project("{FAE04EC0-301F-11D3-BF4B-00C04F79EFBC}") = "TeaExplorer", "TeaExplorer.csproj", "{56D54DD7-B5F2-4900-8051-2008055D2FDA}"
EndProject
Global
	GlobalSection(SolutionConfigurationPlatforms) = preSolution
		Debug|Any CPU = Debug|Any CPU
		Release|Any CPU = Release|Any CPU
	EndGlobalSection
	GlobalSection(ProjectConfigurationPlatforms) = postSolution
		{56D54DD7-B5F2-4900-8051-2008055D2FDA}.Debug|Any CPU.ActiveCfg = Debug|Any CPU
		{56D54DD7-B5F2-4900-8051-2008055D2FDA}.Debug|Any CPU.Build.0 = Debug|Any CPU
		{56D54DD7-B5F2-4900-8051-2008055D2FDA}.Release|Any CPU.ActiveCfg = Release|Any CPU
		{56D54DD7-B5F2-4900-8051-2008055D2FDA}.Release|Any CPU.Build.0 = Release|Any CPU
	EndGlobalSection
	GlobalSection(SolutionProperties) = preSolution
		HideSolutionNode = FALSE
	EndGlobalSection
	GlobalSection(ExtensibilityGlobals) = postSolution
		SolutionGuid = {37A310BE-35FD-44EE-89E7-F75BEAA99059}
	EndGlobalSection
EndGlobal
